
Microsoft Visual Studio Solution File, Format Version 12.00
# Visual Studio 15
VisualStudioVersion = 15.0.27428.2037
MinimumVisualStudioVersion = 10.0.40219.1
Project("{FAE04EC0-301F-11D3-BF4B-00C04F79EFBC}") = "lm.test.admin", "lm.test.admin\lm.test.admin.csproj", "{689972C6-DC0F-4197-ACF0-94794CB738D9}"
EndProject
Project("{E53339B2-1760-4266-BCC7-CA923CBCF16C}") = "docker-compose", "docker-compose.dcproj", "{97645CBE-7565-48FE-9799-7713CB527020}"
EndProject
Global
	GlobalSection(SolutionConfigurationPlatforms) = preSolution
		Debug|Any CPU = Debug|Any CPU
		Release|Any CPU = Release|Any CPU
	EndGlobalSection
	GlobalSection(ProjectConfigurationPlatforms) = postSolution
		{689972C6-DC0F-4197-ACF0-94794CB738D9}.Debug|Any CPU.ActiveCfg = Debug|Any CPU
		{689972C6-DC0F-4197-ACF0-94794CB738D9}.Debug|Any CPU.Build.0 = Debug|Any CPU
		{689972C6-DC0F-4197-ACF0-94794CB738D9}.Release|Any CPU.ActiveCfg = Release|Any CPU
		{689972C6-DC0F-4197-ACF0-94794CB738D9}.Release|Any CPU.Build.0 = Release|Any CPU
		{97645CBE-7565-48FE-9799-7713CB527020}.Debug|Any CPU.ActiveCfg = Debug|Any CPU
		{97645CBE-7565-48FE-9799-7713CB527020}.Debug|Any CPU.Build.0 = Debug|Any CPU
		{97645CBE-7565-48FE-9799-7713CB527020}.Release|Any CPU.ActiveCfg = Release|Any CPU
		{97645CBE-7565-48FE-9799-7713CB527020}.Release|Any CPU.Build.0 = Release|Any CPU
	EndGlobalSection
	GlobalSection(SolutionProperties) = preSolution
		HideSolutionNode = FALSE
	EndGlobalSection
	GlobalSection(ExtensibilityGlobals) = postSolution
		SolutionGuid = {705D9826-B54B-4A80-B2D7-0517AE5B9644}
	EndGlobalSection
EndGlobal
